
Microsoft Visual Studio Solution File, Format Version 12.00
# Visual Studio 15
VisualStudioVersion = 15.0.26124.0
MinimumVisualStudioVersion = 15.0.26124.0
Project("{2150E333-8FDC-42A3-9474-1A3956D46DE8}") = ".paket", ".paket", "{A73C970B-DCD1-417A-8338-F772F5B2CAC5}"
	ProjectSection(SolutionItems) = preProject
		paket.dependencies = paket.dependencies
	EndProjectSection
EndProject
Project("{2150E333-8FDC-42A3-9474-1A3956D46DE8}") = "src", "src", "{5799CD5B-688B-4392-B17E-AAA6DCF27583}"
EndProject
Project("{FAE04EC0-301F-11D3-BF4B-00C04F79EFBC}") = "cor64", "src\cor64\cor64.csproj", "{5ECDCE39-9998-4897-AD16-11FD8671DF61}"
EndProject
Project("{FAE04EC0-301F-11D3-BF4B-00C04F79EFBC}") = "RunN64", "src\RunN64\RunN64.csproj", "{A2E0CCB1-FFD0-44F9-AF8C-B2308C233F45}"
EndProject
Project("{FAE04EC0-301F-11D3-BF4B-00C04F79EFBC}") = "cor64.BareMetal", "src\cor64.BareMetal\cor64.BareMetal.csproj", "{D0FA73F8-E85E-4721-8868-78FCCBC3B1A5}"
EndProject
Project("{FAE04EC0-301F-11D3-BF4B-00C04F79EFBC}") = "Tests", "src\Tests\Tests.csproj", "{C5B137AD-D38C-4AF6-AD90-D9ACD238A1E8}"
EndProject
Project("{FAE04EC0-301F-11D3-BF4B-00C04F79EFBC}") = "RdpTests", "src\RdpTests\RdpTests.csproj", "{A963B6D2-3A13-408C-B769-3050288182A7}"
EndProject
Project("{9A19103F-16F7-4668-BE54-9A1E7A4F7556}") = "_build", "build\_build.csproj", "{572A1505-B7F6-4D5B-9BAA-7E57DFEB9063}"
EndProject
Project("{9A19103F-16F7-4668-BE54-9A1E7A4F7556}") = "buildsys", "buildsys\buildsys.csproj", "{064F6989-70E1-4724-961B-2E9F68C62D28}"
EndProject
Global
	GlobalSection(SolutionConfigurationPlatforms) = preSolution
		Debug|Any CPU = Debug|Any CPU
		Debug|x64 = Debug|x64
		Debug|x86 = Debug|x86
		Release|Any CPU = Release|Any CPU
		Release|x64 = Release|x64
		Release|x86 = Release|x86
	EndGlobalSection
	GlobalSection(SolutionProperties) = preSolution
		HideSolutionNode = FALSE
	EndGlobalSection
	GlobalSection(ProjectConfigurationPlatforms) = postSolution
		{064F6989-70E1-4724-961B-2E9F68C62D28}.Debug|Any CPU.ActiveCfg = Debug|Any CPU
		{064F6989-70E1-4724-961B-2E9F68C62D28}.Release|Any CPU.ActiveCfg = Release|Any CPU
		{572A1505-B7F6-4D5B-9BAA-7E57DFEB9063}.Debug|Any CPU.ActiveCfg = Debug|Any CPU
		{572A1505-B7F6-4D5B-9BAA-7E57DFEB9063}.Release|Any CPU.ActiveCfg = Release|Any CPU
		{5ECDCE39-9998-4897-AD16-11FD8671DF61}.Debug|Any CPU.ActiveCfg = Debug|Any CPU
		{5ECDCE39-9998-4897-AD16-11FD8671DF61}.Debug|Any CPU.Build.0 = Debug|Any CPU
		{5ECDCE39-9998-4897-AD16-11FD8671DF61}.Debug|x64.ActiveCfg = Debug|Any CPU
		{5ECDCE39-9998-4897-AD16-11FD8671DF61}.Debug|x64.Build.0 = Debug|Any CPU
		{5ECDCE39-9998-4897-AD16-11FD8671DF61}.Debug|x86.ActiveCfg = Debug|Any CPU
		{5ECDCE39-9998-4897-AD16-11FD8671DF61}.Debug|x86.Build.0 = Debug|Any CPU
		{5ECDCE39-9998-4897-AD16-11FD8671DF61}.Release|Any CPU.ActiveCfg = Release|Any CPU
		{5ECDCE39-9998-4897-AD16-11FD8671DF61}.Release|Any CPU.Build.0 = Release|Any CPU
		{5ECDCE39-9998-4897-AD16-11FD8671DF61}.Release|x64.ActiveCfg = Release|Any CPU
		{5ECDCE39-9998-4897-AD16-11FD8671DF61}.Release|x64.Build.0 = Release|Any CPU
		{5ECDCE39-9998-4897-AD16-11FD8671DF61}.Release|x86.ActiveCfg = Release|Any CPU
		{5ECDCE39-9998-4897-AD16-11FD8671DF61}.Release|x86.Build.0 = Release|Any CPU
		{A2E0CCB1-FFD0-44F9-AF8C-B2308C233F45}.Debug|Any CPU.ActiveCfg = Debug|Any CPU
		{A2E0CCB1-FFD0-44F9-AF8C-B2308C233F45}.Debug|Any CPU.Build.0 = Debug|Any CPU
		{A2E0CCB1-FFD0-44F9-AF8C-B2308C233F45}.Debug|x64.ActiveCfg = Debug|Any CPU
		{A2E0CCB1-FFD0-44F9-AF8C-B2308C233F45}.Debug|x64.Build.0 = Debug|Any CPU
		{A2E0CCB1-FFD0-44F9-AF8C-B2308C233F45}.Debug|x86.ActiveCfg = Debug|Any CPU
		{A2E0CCB1-FFD0-44F9-AF8C-B2308C233F45}.Debug|x86.Build.0 = Debug|Any CPU
		{A2E0CCB1-FFD0-44F9-AF8C-B2308C233F45}.Release|Any CPU.ActiveCfg = Release|Any CPU
		{A2E0CCB1-FFD0-44F9-AF8C-B2308C233F45}.Release|Any CPU.Build.0 = Release|Any CPU
		{A2E0CCB1-FFD0-44F9-AF8C-B2308C233F45}.Release|x64.ActiveCfg = Release|Any CPU
		{A2E0CCB1-FFD0-44F9-AF8C-B2308C233F45}.Release|x64.Build.0 = Release|Any CPU
		{A2E0CCB1-FFD0-44F9-AF8C-B2308C233F45}.Release|x86.ActiveCfg = Release|Any CPU
		{A2E0CCB1-FFD0-44F9-AF8C-B2308C233F45}.Release|x86.Build.0 = Release|Any CPU
		{D0FA73F8-E85E-4721-8868-78FCCBC3B1A5}.Debug|Any CPU.ActiveCfg = Debug|Any CPU
		{D0FA73F8-E85E-4721-8868-78FCCBC3B1A5}.Debug|Any CPU.Build.0 = Debug|Any CPU
		{D0FA73F8-E85E-4721-8868-78FCCBC3B1A5}.Debug|x64.ActiveCfg = Debug|Any CPU
		{D0FA73F8-E85E-4721-8868-78FCCBC3B1A5}.Debug|x64.Build.0 = Debug|Any CPU
		{D0FA73F8-E85E-4721-8868-78FCCBC3B1A5}.Debug|x86.ActiveCfg = Debug|Any CPU
		{D0FA73F8-E85E-4721-8868-78FCCBC3B1A5}.Debug|x86.Build.0 = Debug|Any CPU
		{D0FA73F8-E85E-4721-8868-78FCCBC3B1A5}.Release|Any CPU.ActiveCfg = Release|Any CPU
		{D0FA73F8-E85E-4721-8868-78FCCBC3B1A5}.Release|Any CPU.Build.0 = Release|Any CPU
		{D0FA73F8-E85E-4721-8868-78FCCBC3B1A5}.Release|x64.ActiveCfg = Release|Any CPU
		{D0FA73F8-E85E-4721-8868-78FCCBC3B1A5}.Release|x64.Build.0 = Release|Any CPU
		{D0FA73F8-E85E-4721-8868-78FCCBC3B1A5}.Release|x86.ActiveCfg = Release|Any CPU
		{D0FA73F8-E85E-4721-8868-78FCCBC3B1A5}.Release|x86.Build.0 = Release|Any CPU
		{C5B137AD-D38C-4AF6-AD90-D9ACD238A1E8}.Debug|Any CPU.ActiveCfg = Debug|Any CPU
		{C5B137AD-D38C-4AF6-AD90-D9ACD238A1E8}.Debug|Any CPU.Build.0 = Debug|Any CPU
		{C5B137AD-D38C-4AF6-AD90-D9ACD238A1E8}.Debug|x64.ActiveCfg = Debug|Any CPU
		{C5B137AD-D38C-4AF6-AD90-D9ACD238A1E8}.Debug|x64.Build.0 = Debug|Any CPU
		{C5B137AD-D38C-4AF6-AD90-D9ACD238A1E8}.Debug|x86.ActiveCfg = Debug|Any CPU
		{C5B137AD-D38C-4AF6-AD90-D9ACD238A1E8}.Debug|x86.Build.0 = Debug|Any CPU
		{C5B137AD-D38C-4AF6-AD90-D9ACD238A1E8}.Release|Any CPU.ActiveCfg = Release|Any CPU
		{C5B137AD-D38C-4AF6-AD90-D9ACD238A1E8}.Release|Any CPU.Build.0 = Release|Any CPU
		{C5B137AD-D38C-4AF6-AD90-D9ACD238A1E8}.Release|x64.ActiveCfg = Release|Any CPU
		{C5B137AD-D38C-4AF6-AD90-D9ACD238A1E8}.Release|x64.Build.0 = Release|Any CPU
		{C5B137AD-D38C-4AF6-AD90-D9ACD238A1E8}.Release|x86.ActiveCfg = Release|Any CPU
		{C5B137AD-D38C-4AF6-AD90-D9ACD238A1E8}.Release|x86.Build.0 = Release|Any CPU
		{A963B6D2-3A13-408C-B769-3050288182A7}.Debug|Any CPU.ActiveCfg = Debug|Any CPU
		{A963B6D2-3A13-408C-B769-3050288182A7}.Debug|Any CPU.Build.0 = Debug|Any CPU
		{A963B6D2-3A13-408C-B769-3050288182A7}.Debug|x64.ActiveCfg = Debug|Any CPU
		{A963B6D2-3A13-408C-B769-3050288182A7}.Debug|x64.Build.0 = Debug|Any CPU
		{A963B6D2-3A13-408C-B769-3050288182A7}.Debug|x86.ActiveCfg = Debug|Any CPU
		{A963B6D2-3A13-408C-B769-3050288182A7}.Debug|x86.Build.0 = Debug|Any CPU
		{A963B6D2-3A13-408C-B769-3050288182A7}.Release|Any CPU.ActiveCfg = Release|Any CPU
		{A963B6D2-3A13-408C-B769-3050288182A7}.Release|Any CPU.Build.0 = Release|Any CPU
		{A963B6D2-3A13-408C-B769-3050288182A7}.Release|x64.ActiveCfg = Release|Any CPU
		{A963B6D2-3A13-408C-B769-3050288182A7}.Release|x64.Build.0 = Release|Any CPU
		{A963B6D2-3A13-408C-B769-3050288182A7}.Release|x86.ActiveCfg = Release|Any CPU
		{A963B6D2-3A13-408C-B769-3050288182A7}.Release|x86.Build.0 = Release|Any CPU
	EndGlobalSection
	GlobalSection(NestedProjects) = preSolution
		{5ECDCE39-9998-4897-AD16-11FD8671DF61} = {5799CD5B-688B-4392-B17E-AAA6DCF27583}
		{A2E0CCB1-FFD0-44F9-AF8C-B2308C233F45} = {5799CD5B-688B-4392-B17E-AAA6DCF27583}
		{D0FA73F8-E85E-4721-8868-78FCCBC3B1A5} = {5799CD5B-688B-4392-B17E-AAA6DCF27583}
		{C5B137AD-D38C-4AF6-AD90-D9ACD238A1E8} = {5799CD5B-688B-4392-B17E-AAA6DCF27583}
		{A963B6D2-3A13-408C-B769-3050288182A7} = {5799CD5B-688B-4392-B17E-AAA6DCF27583}
	EndGlobalSection
EndGlobal
